// !$*UTF8*$!
{
	archiveVersion = 1;
	classes = {
	};
	objectVersion = 77;
	objects = {

/* Begin PBXBuildFile section */
		0057E55C9D89647A8BA5420B /* test_popover_bottomLeft_z_iPhone13_light.1.png in Resources */ = {isa = PBXBuildFile; fileRef = C2E89BE2AC8F9CD19BA1C4CF /* test_popover_bottomLeft_z_iPhone13_light.1.png */; };
		0AC9A2BE2AE853EF8969217E /* RootTabView.swift in Sources */ = {isa = PBXBuildFile; fileRef = 93DD506619C5032566FD37EC /* RootTabView.swift */; };
		0BDB40EEB4951F351ABE4819 /* test_popover_a_iPhoneSE_narrow_light.1.png in Resources */ = {isa = PBXBuildFile; fileRef = 305AB77147DF720ADD9BCCAB /* test_popover_a_iPhoneSE_narrow_light.1.png */; };
		0F755B5742AADF4005B4DFC8 /* SetupTabUITests.swift in Sources */ = {isa = PBXBuildFile; fileRef = 59CD7A5A465A34A75B030DAF /* SetupTabUITests.swift */; };
		7B1FA9DC4A3E5C8B2D1F0E91 /* ReferenceTabUITests.swift in Sources */ = {isa = PBXBuildFile; fileRef = 7B1FA9DC4A3E5C8B2D1F0E92 /* ReferenceTabUITests.swift */; };
		0CC089282ECA7980736BEB01 /* SnapshotTesting in Frameworks */ = {isa = PBXBuildFile; productRef = C19C99F4FB6104EDF48988FA /* SnapshotTesting */; };
		135CE2218E607C827D1B93C2 /* test_iPad_floatingWidth_light.1.png in Resources */ = {isa = PBXBuildFile; fileRef = 7BB0BDCE4E217F3DF37714A4 /* test_iPad_floatingWidth_light.1.png */; };
		1558C8E638FA81B2F9834136 /* KeyView.swift in Sources */ = {isa = PBXBuildFile; fileRef = D5223846DC7961D7F4DB569B /* KeyView.swift */; };
		1AA3EAE09D5CA42DF8C2E878 /* KeyboardRootView.swift in Sources */ = {isa = PBXBuildFile; fileRef = 8C932A31D5C02A418CB9F797 /* KeyboardRootView.swift */; };
		28E2A92957EF3EC5C65E2BA0 /* CoachMarkBanner.swift in Sources */ = {isa = PBXBuildFile; fileRef = 328DEB13AADA5B3EFC5DA460 /* CoachMarkBanner.swift */; };
		2B8287C2671A45C61987AEED /* Color+IPA.swift in Sources */ = {isa = PBXBuildFile; fileRef = 19FB8297E10445569709C1F7 /* Color+IPA.swift */; };
		354D973DF5CF97C96DB67F70 /* test_iPhone15_portrait_dark.1.png in Resources */ = {isa = PBXBuildFile; fileRef = 95C5C4B151795967B94CDEBB /* test_iPhone15_portrait_dark.1.png */; };
		37D2A8BDF8C25CAF22CDE809 /* Foundation.framework in Frameworks */ = {isa = PBXBuildFile; fileRef = 3945CA56E6FB57C92327B243 /* Foundation.framework */; };
		3B45CEEB532D3B0C04C997E2 /* test_numbers_iPad_portrait_light.1.png in Resources */ = {isa = PBXBuildFile; fileRef = A3C9991289B98B3245236BA3 /* test_numbers_iPad_portrait_light.1.png */; };
		3F33B8CD21381C6BCB287292 /* AppState.swift in Sources */ = {isa = PBXBuildFile; fileRef = 2BBF0377738F1F843AD673C4 /* AppState.swift */; };
		405ADD3A564314BD6D962927 /* test_numbers_iPhone15_dark.1.png in Resources */ = {isa = PBXBuildFile; fileRef = 399CBD9D0FA857768E228954 /* test_numbers_iPhone15_dark.1.png */; };
		45596A1AB13C13120F2AC01E /* test_iPhoneSE_portrait_light.1.png in Resources */ = {isa = PBXBuildFile; fileRef = B3586C9AF9DA8F5597C56DBC /* test_iPhoneSE_portrait_light.1.png */; };
		4D6743BEBF211E129F936DA8 /* test_symbols_iPad_portrait_light.1.png in Resources */ = {isa = PBXBuildFile; fileRef = D780A807CB1F98EBD3484403 /* test_symbols_iPad_portrait_light.1.png */; };
		505BCA6A5FCA396C46D9F408 /* SetupView.swift in Sources */ = {isa = PBXBuildFile; fileRef = 16E57EC4B121D8DA717569C5 /* SetupView.swift */; };
		535D4DDE6F8853084972150D /* SymbolsLayerView.swift in Sources */ = {isa = PBXBuildFile; fileRef = 12ED08B26B32D8348DA5CA9F /* SymbolsLayerView.swift */; };
		53CEB000EE206ECE051645E8 /* ReferenceView.swift in Sources */ = {isa = PBXBuildFile; fileRef = 74A8960183752E5A6B36CA93 /* ReferenceView.swift */; };
		5A25354BF910BD90D1B48F56 /* test_iPad_portrait_light.1.png in Resources */ = {isa = PBXBuildFile; fileRef = 40A11B67C23A94CF4366A196 /* test_iPad_portrait_light.1.png */; };
		618D422293F2AC3D499CB67B /* HapticsService.swift in Sources */ = {isa = PBXBuildFile; fileRef = 12E560D79D6D83A8D761B152 /* HapticsService.swift */; };
		653A8E85F231F26D25A37723 /* KeyboardSnapshotTests.swift in Sources */ = {isa = PBXBuildFile; fileRef = 88ED51939C048FFEC6ABF95A /* KeyboardSnapshotTests.swift */; };
		70301B015307FE7224A6EA54 /* IPACore in Frameworks */ = {isa = PBXBuildFile; productRef = 3CE8DD253AFE95AF1E469C6A /* IPACore */; };
		71F32D60646EE2069D640341 /* test_popover_rightEdge_o_topRow_iPhone13_light.1.png in Resources */ = {isa = PBXBuildFile; fileRef = B6BEFF044DA56C03DF585B3A /* test_popover_rightEdge_o_topRow_iPhone13_light.1.png */; };
		73FEC8CE4776786176988A76 /* CoachMarkBanner.swift in Sources */ = {isa = PBXBuildFile; fileRef = 328DEB13AADA5B3EFC5DA460 /* CoachMarkBanner.swift */; };
		86A25C819252314B822C0A41 /* test_popover_leftEdge_a_iPhone13_light.1.png in Resources */ = {isa = PBXBuildFile; fileRef = 8E2A28472889C01ADDA59A7A /* test_popover_leftEdge_a_iPhone13_light.1.png */; };
		8A683431C3C7930E4E85D21F /* test_numbers_iPhone15_light.1.png in Resources */ = {isa = PBXBuildFile; fileRef = 766D17ABC5C185CC75F57321 /* test_numbers_iPhone15_light.1.png */; };
		8E7EAAEC3719434F21B56AA7 /* IPAKeyboardAppApp.swift in Sources */ = {isa = PBXBuildFile; fileRef = 52400F5066C92E53E471E22E /* IPAKeyboardAppApp.swift */; };
		907AC45EDD2D8A347BAA00CF /* HapticsService.swift in Sources */ = {isa = PBXBuildFile; fileRef = 12E560D79D6D83A8D761B152 /* HapticsService.swift */; };
		91FEDB010635CF5EB9972405 /* IPACore in Frameworks */ = {isa = PBXBuildFile; productRef = 7FB1A6D12F996D7DFB7DD908 /* IPACore */; };
		92CAD0BD357FA9E8BE114DC7 /* IPAKeyboardExtension.appex in Embed Foundation Extensions */ = {isa = PBXBuildFile; fileRef = DC957DCA5172F0369EDB430A /* IPAKeyboardExtension.appex */; settings = {ATTRIBUTES = (CodeSignOnCopy, RemoveHeadersOnCopy, ); }; };
		95E2A2E9F1028494FFB340CE /* SymbolsLayerView.swift in Sources */ = {isa = PBXBuildFile; fileRef = 12ED08B26B32D8348DA5CA9F /* SymbolsLayerView.swift */; };
		A0718061CA6F6C691C8C5CFC /* Color+IPA.swift in Sources */ = {isa = PBXBuildFile; fileRef = 19FB8297E10445569709C1F7 /* Color+IPA.swift */; };
		A31E75BE5B0BC86695F6A38E /* IPACore in Frameworks */ = {isa = PBXBuildFile; productRef = 6492F72E1FAB889494992289 /* IPACore */; };
		AA60AB2302AFB9EAA1899248 /* KeyRow.swift in Sources */ = {isa = PBXBuildFile; fileRef = AAEDE82EC410B1CDA656F94A /* KeyRow.swift */; };
		AD2B3BCC65C8A532786AAFE1 /* KeyboardRootView.swift in Sources */ = {isa = PBXBuildFile; fileRef = 8C932A31D5C02A418CB9F797 /* KeyboardRootView.swift */; };
		B3DC54826B5E240DA3656763 /* KeyView.swift in Sources */ = {isa = PBXBuildFile; fileRef = D5223846DC7961D7F4DB569B /* KeyView.swift */; };
		C0F6299D2FBA08DF35C6860D /* PopoverSnapshotTests.swift in Sources */ = {isa = PBXBuildFile; fileRef = BF602E4A217F46113C558105 /* PopoverSnapshotTests.swift */; };
		C811BDC4CE0B91A69AD931A5 /* test_iPhone15_portrait_light.1.png in Resources */ = {isa = PBXBuildFile; fileRef = 38DCA174111C492DCD2E14BF /* test_iPhone15_portrait_light.1.png */; };
		CB57035D46F33CB369F9451C /* NumbersLayerView.swift in Sources */ = {isa = PBXBuildFile; fileRef = E8DEC71B2909D202DC660E34 /* NumbersLayerView.swift */; };
		CBC350492CFF0B9B6521F4D9 /* KeyboardNotifications.swift in Sources */ = {isa = PBXBuildFile; fileRef = 98E60FF4569CDE66F9DE2F60 /* KeyboardNotifications.swift */; };
		D44D3EC4DF81EAA824FDB6D5 /* AppStateTests.swift in Sources */ = {isa = PBXBuildFile; fileRef = 81D0DE42DA98613D16B5DAAB /* AppStateTests.swift */; };
		DB402DED991F553F1CE4C10C /* test_popover_a_withSelection_iPhone13_light.1.png in Resources */ = {isa = PBXBuildFile; fileRef = 6793FCD11491953AB9556F52 /* test_popover_a_withSelection_iPhone13_light.1.png */; };
		DEC48086AA24386FE0F73137 /* KeyRow.swift in Sources */ = {isa = PBXBuildFile; fileRef = AAEDE82EC410B1CDA656F94A /* KeyRow.swift */; };
		DF7B58EADC6612BDB46D727F /* NumbersLayerView.swift in Sources */ = {isa = PBXBuildFile; fileRef = E8DEC71B2909D202DC660E34 /* NumbersLayerView.swift */; };
		E0CB147EC3974C2146AB28BB /* TroubleshootingSheet.swift in Sources */ = {isa = PBXBuildFile; fileRef = E4ABC563AD735B4444AE3F6D /* TroubleshootingSheet.swift */; };
		9593065FB12C46389A639728 /* ToastModifier.swift in Sources */ = {isa = PBXBuildFile; fileRef = D9002B6F3ACA4B96ACF46FF9 /* ToastModifier.swift */; };
		7E5C4A2B19D4F56E832A47B0 /* ToastController.swift in Sources */ = {isa = PBXBuildFile; fileRef = 2F8B6D45A3107C9E18B5D923 /* ToastController.swift */; };
		E1C65EC8CF787065E7D97CD6 /* KeyboardNotifications.swift in Sources */ = {isa = PBXBuildFile; fileRef = 98E60FF4569CDE66F9DE2F60 /* KeyboardNotifications.swift */; };
		E235AFBBD6CD10452E1C825F /* test_symbols_iPhone15_light.1.png in Resources */ = {isa = PBXBuildFile; fileRef = A04CF4C59C6B4E2A5BB97515 /* test_symbols_iPhone15_light.1.png */; };
		E2879E07E404A34A61786B94 /* VariantPopover.swift in Sources */ = {isa = PBXBuildFile; fileRef = 6A673FE973C632B375E80F84 /* VariantPopover.swift */; };
		E72F9B7505D27D05C0D29ACB /* test_iPhone15_landscape_light.1.png in Resources */ = {isa = PBXBuildFile; fileRef = D0CCDF0DB62DC5FDE7D5A759 /* test_iPhone15_landscape_light.1.png */; };
		EAC2453C4E0F88F58BBC5758 /* ContentView.swift in Sources */ = {isa = PBXBuildFile; fileRef = CD9C8F8ED919FC02690CD55F /* ContentView.swift */; };
		F1849601682D379FCC274353 /* KeyboardViewController.swift in Sources */ = {isa = PBXBuildFile; fileRef = 849CD308F0E571DB3CF528FC /* KeyboardViewController.swift */; };
		F1F8728E7889B0034E1603F6 /* AboutView.swift in Sources */ = {isa = PBXBuildFile; fileRef = 6A85954E823E35303C4DECB7 /* AboutView.swift */; };
		F3F4EB6AD9F7C054AA3BB85C /* VariantPopover.swift in Sources */ = {isa = PBXBuildFile; fileRef = 6A673FE973C632B375E80F84 /* VariantPopover.swift */; };
		F5E43E5962BA14C8C867D8F9 /* IPAKeyboardAppTests.swift in Sources */ = {isa = PBXBuildFile; fileRef = D28F1417574EE2566E094269 /* IPAKeyboardAppTests.swift */; };
/* End PBXBuildFile section */

/* Begin PBXContainerItemProxy section */
		2A75A1BF7616A15A691EF774 /* PBXContainerItemProxy */ = {
			isa = PBXContainerItemProxy;
			containerPortal = C5FA5736939BC1EB138D1F0B /* Project object */;
			proxyType = 1;
			remoteGlobalIDString = C4D09540091AB004CAA74F38;
			remoteInfo = IPAKeyboardApp;
		};
		7A6BF7B600D48C4A7A17AC2C /* PBXContainerItemProxy */ = {
			isa = PBXContainerItemProxy;
			containerPortal = C5FA5736939BC1EB138D1F0B /* Project object */;
			proxyType = 1;
			remoteGlobalIDString = C4D09540091AB004CAA74F38;
			remoteInfo = IPAKeyboardApp;
		};
		926413E22B2B10F67F869AF1 /* PBXContainerItemProxy */ = {
			isa = PBXContainerItemProxy;
			containerPortal = C5FA5736939BC1EB138D1F0B /* Project object */;
			proxyType = 1;
			remoteGlobalIDString = F7327234997CFC86A614DA4C;
			remoteInfo = IPAKeyboardExtension;
		};
		B81426ACF3E51A1902E12EB0 /* PBXContainerItemProxy */ = {
			isa = PBXContainerItemProxy;
			containerPortal = C5FA5736939BC1EB138D1F0B /* Project object */;
			proxyType = 1;
			remoteGlobalIDString = C4D09540091AB004CAA74F38;
			remoteInfo = IPAKeyboardApp;
		};
/* End PBXContainerItemProxy section */

/* Begin PBXCopyFilesBuildPhase section */
		2A021CACF477791B5B75998F /* Embed Foundation Extensions */ = {
			isa = PBXCopyFilesBuildPhase;
			buildActionMask = 2147483647;
			dstPath = "";
			dstSubfolderSpec = 13;
			files = (
				92CAD0BD357FA9E8BE114DC7 /* IPAKeyboardExtension.appex in Embed Foundation Extensions */,
			);
			name = "Embed Foundation Extensions";
			runOnlyForDeploymentPostprocessing = 0;
		};
/* End PBXCopyFilesBuildPhase section */

/* Begin PBXFileReference section */
		12E560D79D6D83A8D761B152 /* HapticsService.swift */ = {isa = PBXFileReference; lastKnownFileType = sourcecode.swift; path = HapticsService.swift; sourceTree = "<group>"; };
		12ED08B26B32D8348DA5CA9F /* SymbolsLayerView.swift */ = {isa = PBXFileReference; lastKnownFileType = sourcecode.swift; path = SymbolsLayerView.swift; sourceTree = "<group>"; };
		16E57EC4B121D8DA717569C5 /* SetupView.swift */ = {isa = PBXFileReference; lastKnownFileType = sourcecode.swift; path = SetupView.swift; sourceTree = "<group>"; };
		19B5C1426F5806C263218151 /* IPAKeyboardApp.entitlements */ = {isa = PBXFileReference; lastKnownFileType = text.plist.entitlements; path = IPAKeyboardApp.entitlements; sourceTree = "<group>"; };
		19FB8297E10445569709C1F7 /* Color+IPA.swift */ = {isa = PBXFileReference; lastKnownFileType = sourcecode.swift; path = "Color+IPA.swift"; sourceTree = "<group>"; };
		2BBF0377738F1F843AD673C4 /* AppState.swift */ = {isa = PBXFileReference; lastKnownFileType = sourcecode.swift; path = AppState.swift; sourceTree = "<group>"; };
		305AB77147DF720ADD9BCCAB /* test_popover_a_iPhoneSE_narrow_light.1.png */ = {isa = PBXFileReference; lastKnownFileType = image.png; path = test_popover_a_iPhoneSE_narrow_light.1.png; sourceTree = "<group>"; };
		3273AD44C6E1227E120F77C7 /* Info.plist */ = {isa = PBXFileReference; lastKnownFileType = text.plist; path = Info.plist; sourceTree = "<group>"; };
		328DEB13AADA5B3EFC5DA460 /* CoachMarkBanner.swift */ = {isa = PBXFileReference; lastKnownFileType = sourcecode.swift; path = CoachMarkBanner.swift; sourceTree = "<group>"; };
		38B5130329A8DA5854F25015 /* IPACore */ = {isa = PBXFileReference; lastKnownFileType = folder; name = IPACore; path = IPACore; sourceTree = SOURCE_ROOT; };
		38DCA174111C492DCD2E14BF /* test_iPhone15_portrait_light.1.png */ = {isa = PBXFileReference; lastKnownFileType = image.png; path = test_iPhone15_portrait_light.1.png; sourceTree = "<group>"; };
		3945CA56E6FB57C92327B243 /* Foundation.framework */ = {isa = PBXFileReference; lastKnownFileType = wrapper.framework; name = Foundation.framework; path = Platforms/iPhoneOS.platform/Developer/SDKs/iPhoneOS18.0.sdk/System/Library/Frameworks/Foundation.framework; sourceTree = DEVELOPER_DIR; };
		399CBD9D0FA857768E228954 /* test_numbers_iPhone15_dark.1.png */ = {isa = PBXFileReference; lastKnownFileType = image.png; path = test_numbers_iPhone15_dark.1.png; sourceTree = "<group>"; };
		3AC1BBD0DDB2B559A07C4AAE /* Info.plist */ = {isa = PBXFileReference; lastKnownFileType = text.plist; path = Info.plist; sourceTree = "<group>"; };
		40A11B67C23A94CF4366A196 /* test_iPad_portrait_light.1.png */ = {isa = PBXFileReference; lastKnownFileType = image.png; path = test_iPad_portrait_light.1.png; sourceTree = "<group>"; };
		42BEEB009B77F63DB737ABCE /* IPAKeyboardApp.app */ = {isa = PBXFileReference; includeInIndex = 0; lastKnownFileType = wrapper.application; path = IPAKeyboardApp.app; sourceTree = BUILT_PRODUCTS_DIR; };
		52400F5066C92E53E471E22E /* IPAKeyboardAppApp.swift */ = {isa = PBXFileReference; lastKnownFileType = sourcecode.swift; path = IPAKeyboardAppApp.swift; sourceTree = "<group>"; };
		59CD7A5A465A34A75B030DAF /* SetupTabUITests.swift */ = {isa = PBXFileReference; lastKnownFileType = sourcecode.swift; path = SetupTabUITests.swift; sourceTree = "<group>"; };
		7B1FA9DC4A3E5C8B2D1F0E92 /* ReferenceTabUITests.swift */ = {isa = PBXFileReference; lastKnownFileType = sourcecode.swift; path = ReferenceTabUITests.swift; sourceTree = "<group>"; };
		5C6138BE53C2B81A624C94AD /* KeyboardExtensionSnapshotTests.xctest */ = {isa = PBXFileReference; includeInIndex = 0; lastKnownFileType = wrapper.cfbundle; path = KeyboardExtensionSnapshotTests.xctest; sourceTree = BUILT_PRODUCTS_DIR; };
		6793FCD11491953AB9556F52 /* test_popover_a_withSelection_iPhone13_light.1.png */ = {isa = PBXFileReference; lastKnownFileType = image.png; path = test_popover_a_withSelection_iPhone13_light.1.png; sourceTree = "<group>"; };
		6A673FE973C632B375E80F84 /* VariantPopover.swift */ = {isa = PBXFileReference; lastKnownFileType = sourcecode.swift; path = VariantPopover.swift; sourceTree = "<group>"; };
		6A85954E823E35303C4DECB7 /* AboutView.swift */ = {isa = PBXFileReference; lastKnownFileType = sourcecode.swift; path = AboutView.swift; sourceTree = "<group>"; };
		74A8960183752E5A6B36CA93 /* ReferenceView.swift */ = {isa = PBXFileReference; lastKnownFileType = sourcecode.swift; path = ReferenceView.swift; sourceTree = "<group>"; };
		766D17ABC5C185CC75F57321 /* test_numbers_iPhone15_light.1.png */ = {isa = PBXFileReference; lastKnownFileType = image.png; path = test_numbers_iPhone15_light.1.png; sourceTree = "<group>"; };
		7BB0BDCE4E217F3DF37714A4 /* test_iPad_floatingWidth_light.1.png */ = {isa = PBXFileReference; lastKnownFileType = image.png; path = test_iPad_floatingWidth_light.1.png; sourceTree = "<group>"; };
		7E8C31F94B2A988096431A74 /* IPAKeyboardAppTests.xctest */ = {isa = PBXFileReference; includeInIndex = 0; lastKnownFileType = wrapper.cfbundle; path = IPAKeyboardAppTests.xctest; sourceTree = BUILT_PRODUCTS_DIR; };
		81D0DE42DA98613D16B5DAAB /* AppStateTests.swift */ = {isa = PBXFileReference; lastKnownFileType = sourcecode.swift; path = AppStateTests.swift; sourceTree = "<group>"; };
		849CD308F0E571DB3CF528FC /* KeyboardViewController.swift */ = {isa = PBXFileReference; lastKnownFileType = sourcecode.swift; path = KeyboardViewController.swift; sourceTree = "<group>"; };
		88ED51939C048FFEC6ABF95A /* KeyboardSnapshotTests.swift */ = {isa = PBXFileReference; lastKnownFileType = sourcecode.swift; path = KeyboardSnapshotTests.swift; sourceTree = "<group>"; };
		8C932A31D5C02A418CB9F797 /* KeyboardRootView.swift */ = {isa = PBXFileReference; lastKnownFileType = sourcecode.swift; path = KeyboardRootView.swift; sourceTree = "<group>"; };
		8E2A28472889C01ADDA59A7A /* test_popover_leftEdge_a_iPhone13_light.1.png */ = {isa = PBXFileReference; lastKnownFileType = image.png; path = test_popover_leftEdge_a_iPhone13_light.1.png; sourceTree = "<group>"; };
		93DD506619C5032566FD37EC /* RootTabView.swift */ = {isa = PBXFileReference; lastKnownFileType = sourcecode.swift; path = RootTabView.swift; sourceTree = "<group>"; };
		95C5C4B151795967B94CDEBB /* test_iPhone15_portrait_dark.1.png */ = {isa = PBXFileReference; lastKnownFileType = image.png; path = test_iPhone15_portrait_dark.1.png; sourceTree = "<group>"; };
		98E60FF4569CDE66F9DE2F60 /* KeyboardNotifications.swift */ = {isa = PBXFileReference; lastKnownFileType = sourcecode.swift; path = KeyboardNotifications.swift; sourceTree = "<group>"; };
		A04CF4C59C6B4E2A5BB97515 /* test_symbols_iPhone15_light.1.png */ = {isa = PBXFileReference; lastKnownFileType = image.png; path = test_symbols_iPhone15_light.1.png; sourceTree = "<group>"; };
		A3C9991289B98B3245236BA3 /* test_numbers_iPad_portrait_light.1.png */ = {isa = PBXFileReference; lastKnownFileType = image.png; path = test_numbers_iPad_portrait_light.1.png; sourceTree = "<group>"; };
		AAEDE82EC410B1CDA656F94A /* KeyRow.swift */ = {isa = PBXFileReference; lastKnownFileType = sourcecode.swift; path = KeyRow.swift; sourceTree = "<group>"; };
		AC61AA92674C905740F1B1A6 /* IPAKeyboardAppUITests.xctest */ = {isa = PBXFileReference; explicitFileType = wrapper.cfbundle; includeInIndex = 0; path = IPAKeyboardAppUITests.xctest; sourceTree = BUILT_PRODUCTS_DIR; };
		B3586C9AF9DA8F5597C56DBC /* test_iPhoneSE_portrait_light.1.png */ = {isa = PBXFileReference; lastKnownFileType = image.png; path = test_iPhoneSE_portrait_light.1.png; sourceTree = "<group>"; };
		B47DB510C8834C43C466AD27 /* IPAKeyboardExtension.entitlements */ = {isa = PBXFileReference; lastKnownFileType = text.plist.entitlements; path = IPAKeyboardExtension.entitlements; sourceTree = "<group>"; };
		B6BEFF044DA56C03DF585B3A /* test_popover_rightEdge_o_topRow_iPhone13_light.1.png */ = {isa = PBXFileReference; lastKnownFileType = image.png; path = test_popover_rightEdge_o_topRow_iPhone13_light.1.png; sourceTree = "<group>"; };
		BF602E4A217F46113C558105 /* PopoverSnapshotTests.swift */ = {isa = PBXFileReference; lastKnownFileType = sourcecode.swift; path = PopoverSnapshotTests.swift; sourceTree = "<group>"; };
		C2E89BE2AC8F9CD19BA1C4CF /* test_popover_bottomLeft_z_iPhone13_light.1.png */ = {isa = PBXFileReference; lastKnownFileType = image.png; path = test_popover_bottomLeft_z_iPhone13_light.1.png; sourceTree = "<group>"; };
		CD9C8F8ED919FC02690CD55F /* ContentView.swift */ = {isa = PBXFileReference; lastKnownFileType = sourcecode.swift; path = ContentView.swift; sourceTree = "<group>"; };
		D0CCDF0DB62DC5FDE7D5A759 /* test_iPhone15_landscape_light.1.png */ = {isa = PBXFileReference; lastKnownFileType = image.png; path = test_iPhone15_landscape_light.1.png; sourceTree = "<group>"; };
		D28F1417574EE2566E094269 /* IPAKeyboardAppTests.swift */ = {isa = PBXFileReference; lastKnownFileType = sourcecode.swift; path = IPAKeyboardAppTests.swift; sourceTree = "<group>"; };
		D5223846DC7961D7F4DB569B /* KeyView.swift */ = {isa = PBXFileReference; lastKnownFileType = sourcecode.swift; path = KeyView.swift; sourceTree = "<group>"; };
		D780A807CB1F98EBD3484403 /* test_symbols_iPad_portrait_light.1.png */ = {isa = PBXFileReference; lastKnownFileType = image.png; path = test_symbols_iPad_portrait_light.1.png; sourceTree = "<group>"; };
		DC957DCA5172F0369EDB430A /* IPAKeyboardExtension.appex */ = {isa = PBXFileReference; includeInIndex = 0; lastKnownFileType = "wrapper.app-extension"; path = IPAKeyboardExtension.appex; sourceTree = BUILT_PRODUCTS_DIR; };
		E4ABC563AD735B4444AE3F6D /* TroubleshootingSheet.swift */ = {isa = PBXFileReference; lastKnownFileType = sourcecode.swift; path = TroubleshootingSheet.swift; sourceTree = "<group>"; };
		D9002B6F3ACA4B96ACF46FF9 /* ToastModifier.swift */ = {isa = PBXFileReference; lastKnownFileType = sourcecode.swift; path = ToastModifier.swift; sourceTree = "<group>"; };
		2F8B6D45A3107C9E18B5D923 /* ToastController.swift */ = {isa = PBXFileReference; lastKnownFileType = sourcecode.swift; path = ToastController.swift; sourceTree = "<group>"; };
		E8DEC71B2909D202DC660E34 /* NumbersLayerView.swift */ = {isa = PBXFileReference; lastKnownFileType = sourcecode.swift; path = NumbersLayerView.swift; sourceTree = "<group>"; };
/* End PBXFileReference section */

/* Begin PBXFrameworksBuildPhase section */
		2D76475FD040996E1C90F9C3 /* Frameworks */ = {
			isa = PBXFrameworksBuildPhase;
			buildActionMask = 2147483647;
			files = (
				A31E75BE5B0BC86695F6A38E /* IPACore in Frameworks */,
			);
			runOnlyForDeploymentPostprocessing = 0;
		};
		4CC4E158454D7953C1866631 /* Frameworks */ = {
			isa = PBXFrameworksBuildPhase;
			buildActionMask = 2147483647;
			files = (
				37D2A8BDF8C25CAF22CDE809 /* Foundation.framework in Frameworks */,
			);
			runOnlyForDeploymentPostprocessing = 0;
		};
		A6B762060970F84D7E026D4F /* Frameworks */ = {
			isa = PBXFrameworksBuildPhase;
			buildActionMask = 2147483647;
			files = (
				91FEDB010635CF5EB9972405 /* IPACore in Frameworks */,
				0CC089282ECA7980736BEB01 /* SnapshotTesting in Frameworks */,
			);
			runOnlyForDeploymentPostprocessing = 0;
		};
		EFA676EBFFBE9025A84B4867 /* Frameworks */ = {
			isa = PBXFrameworksBuildPhase;
			buildActionMask = 2147483647;
			files = (
				70301B015307FE7224A6EA54 /* IPACore in Frameworks */,
			);
			runOnlyForDeploymentPostprocessing = 0;
		};
/* End PBXFrameworksBuildPhase section */

/* Begin PBXGroup section */
		0ABBAB780713BDD8A97895F8 /* Tests */ = {
			isa = PBXGroup;
			children = (
				D7626451637D84F33023C65B /* KeyboardExtensionSnapshotTests */,
			);
			path = Tests;
			sourceTree = "<group>";
		};
		14014D147F98FD80C1D3A844 /* Products */ = {
			isa = PBXGroup;
			children = (
				42BEEB009B77F63DB737ABCE /* IPAKeyboardApp.app */,
				7E8C31F94B2A988096431A74 /* IPAKeyboardAppTests.xctest */,
				DC957DCA5172F0369EDB430A /* IPAKeyboardExtension.appex */,
				5C6138BE53C2B81A624C94AD /* KeyboardExtensionSnapshotTests.xctest */,
				AC61AA92674C905740F1B1A6 /* IPAKeyboardAppUITests.xctest */,
			);
			name = Products;
			sourceTree = "<group>";
		};
		19694643B024AA12AD53FAC4 /* Views */ = {
			isa = PBXGroup;
			children = (
				328DEB13AADA5B3EFC5DA460 /* CoachMarkBanner.swift */,
				19FB8297E10445569709C1F7 /* Color+IPA.swift */,
				98E60FF4569CDE66F9DE2F60 /* KeyboardNotifications.swift */,
				8C932A31D5C02A418CB9F797 /* KeyboardRootView.swift */,
				AAEDE82EC410B1CDA656F94A /* KeyRow.swift */,
				D5223846DC7961D7F4DB569B /* KeyView.swift */,
				E8DEC71B2909D202DC660E34 /* NumbersLayerView.swift */,
				12ED08B26B32D8348DA5CA9F /* SymbolsLayerView.swift */,
				6A673FE973C632B375E80F84 /* VariantPopover.swift */,
			);
			path = Views;
			sourceTree = "<group>";
		};
		1CE862C1368C088275BBB5A7 /* IPAKeyboardAppTests */ = {
			isa = PBXGroup;
			children = (
				81D0DE42DA98613D16B5DAAB /* AppStateTests.swift */,
				D28F1417574EE2566E094269 /* IPAKeyboardAppTests.swift */,
			);
			path = IPAKeyboardAppTests;
			sourceTree = "<group>";
		};
		2E87F9309A4250A21E939B72 /* IPAKeyboardApp */ = {
			isa = PBXGroup;
			children = (
				2BBF0377738F1F843AD673C4 /* AppState.swift */,
				CD9C8F8ED919FC02690CD55F /* ContentView.swift */,
				3AC1BBD0DDB2B559A07C4AAE /* Info.plist */,
				19B5C1426F5806C263218151 /* IPAKeyboardApp.entitlements */,
				52400F5066C92E53E471E22E /* IPAKeyboardAppApp.swift */,
				F26AC8517CF0C483B9B72A41 /* Views */,
			);
			path = IPAKeyboardApp;
			sourceTree = "<group>";
		};
		3115688F09DC6449EE24C396 /* Services */ = {
			isa = PBXGroup;
			children = (
				12E560D79D6D83A8D761B152 /* HapticsService.swift */,
			);
			path = Services;
			sourceTree = "<group>";
		};
		33B648BEDA709266D4545BCD /* iOS */ = {
			isa = PBXGroup;
			children = (
				3945CA56E6FB57C92327B243 /* Foundation.framework */,
			);
			name = iOS;
			sourceTree = "<group>";
		};
		360981921542329ACC64C212 /* KeyboardSnapshotTests */ = {
			isa = PBXGroup;
			children = (
				7BB0BDCE4E217F3DF37714A4 /* test_iPad_floatingWidth_light.1.png */,
				40A11B67C23A94CF4366A196 /* test_iPad_portrait_light.1.png */,
				D0CCDF0DB62DC5FDE7D5A759 /* test_iPhone15_landscape_light.1.png */,
				95C5C4B151795967B94CDEBB /* test_iPhone15_portrait_dark.1.png */,
				38DCA174111C492DCD2E14BF /* test_iPhone15_portrait_light.1.png */,
				B3586C9AF9DA8F5597C56DBC /* test_iPhoneSE_portrait_light.1.png */,
				A3C9991289B98B3245236BA3 /* test_numbers_iPad_portrait_light.1.png */,
				399CBD9D0FA857768E228954 /* test_numbers_iPhone15_dark.1.png */,
				766D17ABC5C185CC75F57321 /* test_numbers_iPhone15_light.1.png */,
				D780A807CB1F98EBD3484403 /* test_symbols_iPad_portrait_light.1.png */,
				A04CF4C59C6B4E2A5BB97515 /* test_symbols_iPhone15_light.1.png */,
			);
			path = KeyboardSnapshotTests;
			sourceTree = "<group>";
		};
		4ED5CBB37A391814F152B893 /* IPAKeyboardAppUITests */ = {
			isa = PBXGroup;
			children = (
				59CD7A5A465A34A75B030DAF /* SetupTabUITests.swift */,
				7B1FA9DC4A3E5C8B2D1F0E92 /* ReferenceTabUITests.swift */,
			);
			name = IPAKeyboardAppUITests;
			path = IPAKeyboardAppUITests;
			sourceTree = "<group>";
		};
		8BE79CCA6F57D8F9E3169004 = {
			isa = PBXGroup;
			children = (
				2E87F9309A4250A21E939B72 /* IPAKeyboardApp */,
				1CE862C1368C088275BBB5A7 /* IPAKeyboardAppTests */,
				916205F68F0BC1363F21C579 /* IPAKeyboardExtension */,
				F4EE30A3207BD7D47034562D /* Packages */,
				0ABBAB780713BDD8A97895F8 /* Tests */,
				14014D147F98FD80C1D3A844 /* Products */,
				E1D9C87B1BDE747CEC72C817 /* Frameworks */,
				4ED5CBB37A391814F152B893 /* IPAKeyboardAppUITests */,
			);
			sourceTree = "<group>";
		};
		916205F68F0BC1363F21C579 /* IPAKeyboardExtension */ = {
			isa = PBXGroup;
			children = (
				3115688F09DC6449EE24C396 /* Services */,
				19694643B024AA12AD53FAC4 /* Views */,
				3273AD44C6E1227E120F77C7 /* Info.plist */,
				B47DB510C8834C43C466AD27 /* IPAKeyboardExtension.entitlements */,
				849CD308F0E571DB3CF528FC /* KeyboardViewController.swift */,
			);
			path = IPAKeyboardExtension;
			sourceTree = "<group>";
		};
		94C03AE85AB45E1395A1FE0A /* __Snapshots__ */ = {
			isa = PBXGroup;
			children = (
				360981921542329ACC64C212 /* KeyboardSnapshotTests */,
				DF486DDAE170E99CCEAA6C27 /* PopoverSnapshotTests */,
			);
			path = __Snapshots__;
			sourceTree = "<group>";
		};
		D7626451637D84F33023C65B /* KeyboardExtensionSnapshotTests */ = {
			isa = PBXGroup;
			children = (
				94C03AE85AB45E1395A1FE0A /* __Snapshots__ */,
				88ED51939C048FFEC6ABF95A /* KeyboardSnapshotTests.swift */,
				BF602E4A217F46113C558105 /* PopoverSnapshotTests.swift */,
			);
			path = KeyboardExtensionSnapshotTests;
			sourceTree = "<group>";
		};
		DF486DDAE170E99CCEAA6C27 /* PopoverSnapshotTests */ = {
			isa = PBXGroup;
			children = (
				305AB77147DF720ADD9BCCAB /* test_popover_a_iPhoneSE_narrow_light.1.png */,
				6793FCD11491953AB9556F52 /* test_popover_a_withSelection_iPhone13_light.1.png */,
				C2E89BE2AC8F9CD19BA1C4CF /* test_popover_bottomLeft_z_iPhone13_light.1.png */,
				8E2A28472889C01ADDA59A7A /* test_popover_leftEdge_a_iPhone13_light.1.png */,
				B6BEFF044DA56C03DF585B3A /* test_popover_rightEdge_o_topRow_iPhone13_light.1.png */,
			);
			path = PopoverSnapshotTests;
			sourceTree = "<group>";
		};
		E1D9C87B1BDE747CEC72C817 /* Frameworks */ = {
			isa = PBXGroup;
			children = (
				33B648BEDA709266D4545BCD /* iOS */,
			);
			name = Frameworks;
			sourceTree = "<group>";
		};
		F26AC8517CF0C483B9B72A41 /* Views */ = {
			isa = PBXGroup;
			children = (
				6A85954E823E35303C4DECB7 /* AboutView.swift */,
				74A8960183752E5A6B36CA93 /* ReferenceView.swift */,
				93DD506619C5032566FD37EC /* RootTabView.swift */,
				16E57EC4B121D8DA717569C5 /* SetupView.swift */,
				E4ABC563AD735B4444AE3F6D /* TroubleshootingSheet.swift */,
				D9002B6F3ACA4B96ACF46FF9 /* ToastModifier.swift */,
				2F8B6D45A3107C9E18B5D923 /* ToastController.swift */,
			);
			path = Views;
			sourceTree = "<group>";
		};
		F4EE30A3207BD7D47034562D /* Packages */ = {
			isa = PBXGroup;
			children = (
				38B5130329A8DA5854F25015 /* IPACore */,
			);
			name = Packages;
			sourceTree = "<group>";
		};
/* End PBXGroup section */

/* Begin PBXNativeTarget section */
		17AD3904A0742048DCA6375D /* IPAKeyboardAppTests */ = {
			isa = PBXNativeTarget;
			buildConfigurationList = 32BB57675827DD5003D9216D /* Build configuration list for PBXNativeTarget "IPAKeyboardAppTests" */;
			buildPhases = (
				1DE861F39686B70DD8C47566 /* Sources */,
			);
			buildRules = (
			);
			dependencies = (
				C68ECA7B9C89614EACD5B0CE /* PBXTargetDependency */,
			);
			name = IPAKeyboardAppTests;
			productName = IPAKeyboardAppTests;
			productReference = 7E8C31F94B2A988096431A74 /* IPAKeyboardAppTests.xctest */;
			productType = "com.apple.product-type.bundle.unit-test";
		};
		79DB824AA827FA923EE1F908 /* IPAKeyboardAppUITests */ = {
			isa = PBXNativeTarget;
			buildConfigurationList = D47243E077E039E57B28527A /* Build configuration list for PBXNativeTarget "IPAKeyboardAppUITests" */;
			buildPhases = (
				9BD52836A7ED64C5B8D1AF99 /* Sources */,
				4CC4E158454D7953C1866631 /* Frameworks */,
				E38B4D388B594814693D6837 /* Resources */,
			);
			buildRules = (
			);
			dependencies = (
				653D1274273CF599F92594BA /* PBXTargetDependency */,
			);
			name = IPAKeyboardAppUITests;
			productName = IPAKeyboardAppUITests;
			productReference = AC61AA92674C905740F1B1A6 /* IPAKeyboardAppUITests.xctest */;
			productType = "com.apple.product-type.bundle.ui-testing";
		};
		9C349A9C4D4BD20A666420A0 /* KeyboardExtensionSnapshotTests */ = {
			isa = PBXNativeTarget;
			buildConfigurationList = 2C2D5DD38E14D75C5B502887 /* Build configuration list for PBXNativeTarget "KeyboardExtensionSnapshotTests" */;
			buildPhases = (
				340B0FC722B2181A71610286 /* Sources */,
				DA22C286E9D9111DF28EDD03 /* Resources */,
				A6B762060970F84D7E026D4F /* Frameworks */,
			);
			buildRules = (
			);
			dependencies = (
				552A35386D8A7BC6A326CDF3 /* PBXTargetDependency */,
			);
			name = KeyboardExtensionSnapshotTests;
			packageProductDependencies = (
				7FB1A6D12F996D7DFB7DD908 /* IPACore */,
				C19C99F4FB6104EDF48988FA /* SnapshotTesting */,
			);
			productName = KeyboardExtensionSnapshotTests;
			productReference = 5C6138BE53C2B81A624C94AD /* KeyboardExtensionSnapshotTests.xctest */;
			productType = "com.apple.product-type.bundle.unit-test";
		};
		C4D09540091AB004CAA74F38 /* IPAKeyboardApp */ = {
			isa = PBXNativeTarget;
			buildConfigurationList = DF521F95BD33B79CDA4ACD3D /* Build configuration list for PBXNativeTarget "IPAKeyboardApp" */;
			buildPhases = (
				138140232F2CB75E9DC43A47 /* Sources */,
				EFA676EBFFBE9025A84B4867 /* Frameworks */,
				2A021CACF477791B5B75998F /* Embed Foundation Extensions */,
			);
			buildRules = (
			);
			dependencies = (
				4628188170C43AA62BC7B13E /* PBXTargetDependency */,
			);
			name = IPAKeyboardApp;
			packageProductDependencies = (
				3CE8DD253AFE95AF1E469C6A /* IPACore */,
			);
			productName = IPAKeyboardApp;
			productReference = 42BEEB009B77F63DB737ABCE /* IPAKeyboardApp.app */;
			productType = "com.apple.product-type.application";
		};
		F7327234997CFC86A614DA4C /* IPAKeyboardExtension */ = {
			isa = PBXNativeTarget;
			buildConfigurationList = F0B9BB1EAA8BFC0061E605AB /* Build configuration list for PBXNativeTarget "IPAKeyboardExtension" */;
			buildPhases = (
				EED9E55ADB885478B30CEBD2 /* Sources */,
				2D76475FD040996E1C90F9C3 /* Frameworks */,
			);
			buildRules = (
			);
			dependencies = (
			);
			name = IPAKeyboardExtension;
			packageProductDependencies = (
				6492F72E1FAB889494992289 /* IPACore */,
			);
			productName = IPAKeyboardExtension;
			productReference = DC957DCA5172F0369EDB430A /* IPAKeyboardExtension.appex */;
			productType = "com.apple.product-type.app-extension";
		};
/* End PBXNativeTarget section */

/* Begin PBXProject section */
		C5FA5736939BC1EB138D1F0B /* Project object */ = {
			isa = PBXProject;
			attributes = {
				BuildIndependentTargetsInParallel = YES;
				LastUpgradeCheck = 1540;
				TargetAttributes = {
					17AD3904A0742048DCA6375D = {
						DevelopmentTeam = "";
						ProvisioningStyle = Automatic;
					};
					9C349A9C4D4BD20A666420A0 = {
						DevelopmentTeam = "";
						ProvisioningStyle = Automatic;
					};
					C4D09540091AB004CAA74F38 = {
						DevelopmentTeam = "";
						ProvisioningStyle = Automatic;
					};
					F7327234997CFC86A614DA4C = {
						DevelopmentTeam = "";
						ProvisioningStyle = Automatic;
					};
				};
			};
			buildConfigurationList = 54D0908B30538A1B719C6485 /* Build configuration list for PBXProject "IPAKeyboard" */;
			developmentRegion = en;
			hasScannedForEncodings = 0;
			knownRegions = (
				Base,
				en,
			);
			mainGroup = 8BE79CCA6F57D8F9E3169004;
			minimizedProjectReferenceProxies = 1;
			packageReferences = (
				4F0CC47BDA710CDA890A4EED /* XCRemoteSwiftPackageReference "swift-snapshot-testing" */,
				820AE734536470F495C3BB59 /* XCLocalSwiftPackageReference "IPACore" */,
			);
			preferredProjectObjectVersion = 77;
			productRefGroup = 14014D147F98FD80C1D3A844 /* Products */;
			projectDirPath = "";
			projectRoot = "";
			targets = (
				C4D09540091AB004CAA74F38 /* IPAKeyboardApp */,
				17AD3904A0742048DCA6375D /* IPAKeyboardAppTests */,
				F7327234997CFC86A614DA4C /* IPAKeyboardExtension */,
				9C349A9C4D4BD20A666420A0 /* KeyboardExtensionSnapshotTests */,
				79DB824AA827FA923EE1F908 /* IPAKeyboardAppUITests */,
			);
		};
/* End PBXProject section */

/* Begin PBXResourcesBuildPhase section */
		DA22C286E9D9111DF28EDD03 /* Resources */ = {
			isa = PBXResourcesBuildPhase;
			buildActionMask = 2147483647;
			files = (
				135CE2218E607C827D1B93C2 /* test_iPad_floatingWidth_light.1.png in Resources */,
				5A25354BF910BD90D1B48F56 /* test_iPad_portrait_light.1.png in Resources */,
				E72F9B7505D27D05C0D29ACB /* test_iPhone15_landscape_light.1.png in Resources */,
				354D973DF5CF97C96DB67F70 /* test_iPhone15_portrait_dark.1.png in Resources */,
				C811BDC4CE0B91A69AD931A5 /* test_iPhone15_portrait_light.1.png in Resources */,
				45596A1AB13C13120F2AC01E /* test_iPhoneSE_portrait_light.1.png in Resources */,
				3B45CEEB532D3B0C04C997E2 /* test_numbers_iPad_portrait_light.1.png in Resources */,
				405ADD3A564314BD6D962927 /* test_numbers_iPhone15_dark.1.png in Resources */,
				8A683431C3C7930E4E85D21F /* test_numbers_iPhone15_light.1.png in Resources */,
				0BDB40EEB4951F351ABE4819 /* test_popover_a_iPhoneSE_narrow_light.1.png in Resources */,
				DB402DED991F553F1CE4C10C /* test_popover_a_withSelection_iPhone13_light.1.png in Resources */,
				0057E55C9D89647A8BA5420B /* test_popover_bottomLeft_z_iPhone13_light.1.png in Resources */,
				86A25C819252314B822C0A41 /* test_popover_leftEdge_a_iPhone13_light.1.png in Resources */,
				71F32D60646EE2069D640341 /* test_popover_rightEdge_o_topRow_iPhone13_light.1.png in Resources */,
				4D6743BEBF211E129F936DA8 /* test_symbols_iPad_portrait_light.1.png in Resources */,
				E235AFBBD6CD10452E1C825F /* test_symbols_iPhone15_light.1.png in Resources */,
			);
			runOnlyForDeploymentPostprocessing = 0;
		};
		E38B4D388B594814693D6837 /* Resources */ = {
			isa = PBXResourcesBuildPhase;
			buildActionMask = 2147483647;
			files = (
			);
			runOnlyForDeploymentPostprocessing = 0;
		};
/* End PBXResourcesBuildPhase section */

/* Begin PBXSourcesBuildPhase section */
		138140232F2CB75E9DC43A47 /* Sources */ = {
			isa = PBXSourcesBuildPhase;
			buildActionMask = 2147483647;
			files = (
				3F33B8CD21381C6BCB287292 /* AppState.swift in Sources */,
				EAC2453C4E0F88F58BBC5758 /* ContentView.swift in Sources */,
				8E7EAAEC3719434F21B56AA7 /* IPAKeyboardAppApp.swift in Sources */,
				F1F8728E7889B0034E1603F6 /* AboutView.swift in Sources */,
				53CEB000EE206ECE051645E8 /* ReferenceView.swift in Sources */,
				0AC9A2BE2AE853EF8969217E /* RootTabView.swift in Sources */,
				505BCA6A5FCA396C46D9F408 /* SetupView.swift in Sources */,
				E0CB147EC3974C2146AB28BB /* TroubleshootingSheet.swift in Sources */,
				9593065FB12C46389A639728 /* ToastModifier.swift in Sources */,
				7E5C4A2B19D4F56E832A47B0 /* ToastController.swift in Sources */,
			);
			runOnlyForDeploymentPostprocessing = 0;
		};
		1DE861F39686B70DD8C47566 /* Sources */ = {
			isa = PBXSourcesBuildPhase;
			buildActionMask = 2147483647;
			files = (
				D44D3EC4DF81EAA824FDB6D5 /* AppStateTests.swift in Sources */,
				F5E43E5962BA14C8C867D8F9 /* IPAKeyboardAppTests.swift in Sources */,
			);
			runOnlyForDeploymentPostprocessing = 0;
		};
		340B0FC722B2181A71610286 /* Sources */ = {
			isa = PBXSourcesBuildPhase;
			buildActionMask = 2147483647;
			files = (
				73FEC8CE4776786176988A76 /* CoachMarkBanner.swift in Sources */,
				A0718061CA6F6C691C8C5CFC /* Color+IPA.swift in Sources */,
				907AC45EDD2D8A347BAA00CF /* HapticsService.swift in Sources */,
				DEC48086AA24386FE0F73137 /* KeyRow.swift in Sources */,
				B3DC54826B5E240DA3656763 /* KeyView.swift in Sources */,
				E1C65EC8CF787065E7D97CD6 /* KeyboardNotifications.swift in Sources */,
				AD2B3BCC65C8A532786AAFE1 /* KeyboardRootView.swift in Sources */,
				653A8E85F231F26D25A37723 /* KeyboardSnapshotTests.swift in Sources */,
				DF7B58EADC6612BDB46D727F /* NumbersLayerView.swift in Sources */,
				C0F6299D2FBA08DF35C6860D /* PopoverSnapshotTests.swift in Sources */,
				95E2A2E9F1028494FFB340CE /* SymbolsLayerView.swift in Sources */,
				F3F4EB6AD9F7C054AA3BB85C /* VariantPopover.swift in Sources */,
			);
			runOnlyForDeploymentPostprocessing = 0;
		};
		9BD52836A7ED64C5B8D1AF99 /* Sources */ = {
			isa = PBXSourcesBuildPhase;
			buildActionMask = 2147483647;
			files = (
				0F755B5742AADF4005B4DFC8 /* SetupTabUITests.swift in Sources */,
				7B1FA9DC4A3E5C8B2D1F0E91 /* ReferenceTabUITests.swift in Sources */,
			);
			runOnlyForDeploymentPostprocessing = 0;
		};
		EED9E55ADB885478B30CEBD2 /* Sources */ = {
			isa = PBXSourcesBuildPhase;
			buildActionMask = 2147483647;
			files = (
				28E2A92957EF3EC5C65E2BA0 /* CoachMarkBanner.swift in Sources */,
				2B8287C2671A45C61987AEED /* Color+IPA.swift in Sources */,
				618D422293F2AC3D499CB67B /* HapticsService.swift in Sources */,
				AA60AB2302AFB9EAA1899248 /* KeyRow.swift in Sources */,
				1558C8E638FA81B2F9834136 /* KeyView.swift in Sources */,
				CBC350492CFF0B9B6521F4D9 /* KeyboardNotifications.swift in Sources */,
				1AA3EAE09D5CA42DF8C2E878 /* KeyboardRootView.swift in Sources */,
				F1849601682D379FCC274353 /* KeyboardViewController.swift in Sources */,
				CB57035D46F33CB369F9451C /* NumbersLayerView.swift in Sources */,
				535D4DDE6F8853084972150D /* SymbolsLayerView.swift in Sources */,
				E2879E07E404A34A61786B94 /* VariantPopover.swift in Sources */,
			);
			runOnlyForDeploymentPostprocessing = 0;
		};
/* End PBXSourcesBuildPhase section */

/* Begin PBXTargetDependency section */
		4628188170C43AA62BC7B13E /* PBXTargetDependency */ = {
			isa = PBXTargetDependency;
			target = F7327234997CFC86A614DA4C /* IPAKeyboardExtension */;
			targetProxy = 926413E22B2B10F67F869AF1 /* PBXContainerItemProxy */;
		};
		552A35386D8A7BC6A326CDF3 /* PBXTargetDependency */ = {
			isa = PBXTargetDependency;
			target = C4D09540091AB004CAA74F38 /* IPAKeyboardApp */;
			targetProxy = 2A75A1BF7616A15A691EF774 /* PBXContainerItemProxy */;
		};
		653D1274273CF599F92594BA /* PBXTargetDependency */ = {
			isa = PBXTargetDependency;
			name = IPAKeyboardApp;
			target = C4D09540091AB004CAA74F38 /* IPAKeyboardApp */;
			targetProxy = B81426ACF3E51A1902E12EB0 /* PBXContainerItemProxy */;
		};
		C68ECA7B9C89614EACD5B0CE /* PBXTargetDependency */ = {
			isa = PBXTargetDependency;
			target = C4D09540091AB004CAA74F38 /* IPAKeyboardApp */;
			targetProxy = 7A6BF7B600D48C4A7A17AC2C /* PBXContainerItemProxy */;
		};
/* End PBXTargetDependency section */

/* Begin XCBuildConfiguration section */
		04DDC793F76BD5CC9E55A809 /* Release */ = {
			isa = XCBuildConfiguration;
			buildSettings = {
				BUNDLE_LOADER = "$(TEST_HOST)";
				GENERATE_INFOPLIST_FILE = YES;
				IPHONEOS_DEPLOYMENT_TARGET = 16.0;
				LD_RUNPATH_SEARCH_PATHS = (
					"$(inherited)",
					"@executable_path/Frameworks",
					"@loader_path/Frameworks",
				);
				PRODUCT_BUNDLE_IDENTIFIER = com.minhphan.KeyboardExtensionSnapshotTests;
				SDKROOT = iphoneos;
				TARGETED_DEVICE_FAMILY = "1,2";
				TEST_HOST = "$(BUILT_PRODUCTS_DIR)/IPAKeyboardApp.app/$(BUNDLE_EXECUTABLE_FOLDER_PATH)/IPAKeyboardApp";
			};
			name = Release;
		};
		186549984D2D9BDFE447FDCE /* Release */ = {
			isa = XCBuildConfiguration;
			buildSettings = {
				ASSETCATALOG_COMPILER_APPICON_NAME = "";
				CODE_SIGN_ENTITLEMENTS = IPAKeyboardApp/IPAKeyboardApp.entitlements;
				CODE_SIGN_IDENTITY = "iPhone Developer";
				INFOPLIST_FILE = IPAKeyboardApp/Info.plist;
				LD_RUNPATH_SEARCH_PATHS = (
					"$(inherited)",
					"@executable_path/Frameworks",
				);
				PRODUCT_BUNDLE_IDENTIFIER = "com.minhphan.ipa-keyboard-ios";
				PRODUCT_NAME = IPAKeyboardApp;
				SDKROOT = iphoneos;
				SUPPORTS_MACCATALYST = NO;
				SUPPORTS_MAC_DESIGNED_FOR_IPHONE_IPAD = NO;
				TARGETED_DEVICE_FAMILY = "1,2";
			};
			name = Release;
		};
		2964A70BE2D895E4CA8B82A9 /* Release */ = {
			isa = XCBuildConfiguration;
			buildSettings = {
				ALWAYS_SEARCH_USER_PATHS = NO;
				CLANG_ANALYZER_NONNULL = YES;
				CLANG_ANALYZER_NUMBER_OBJECT_CONVERSION = YES_AGGRESSIVE;
				CLANG_CXX_LANGUAGE_STANDARD = "gnu++14";
				CLANG_CXX_LIBRARY = "libc++";
				CLANG_ENABLE_MODULES = YES;
				CLANG_ENABLE_OBJC_ARC = YES;
				CLANG_ENABLE_OBJC_WEAK = YES;
				CLANG_WARN_BLOCK_CAPTURE_AUTORELEASING = YES;
				CLANG_WARN_BOOL_CONVERSION = YES;
				CLANG_WARN_COMMA = YES;
				CLANG_WARN_CONSTANT_CONVERSION = YES;
				CLANG_WARN_DEPRECATED_OBJC_IMPLEMENTATIONS = YES;
				CLANG_WARN_DIRECT_OBJC_ISA_USAGE = YES_ERROR;
				CLANG_WARN_DOCUMENTATION_COMMENTS = YES;
				CLANG_WARN_EMPTY_BODY = YES;
				CLANG_WARN_ENUM_CONVERSION = YES;
				CLANG_WARN_INFINITE_RECURSION = YES;
				CLANG_WARN_INT_CONVERSION = YES;
				CLANG_WARN_NON_LITERAL_NULL_CONVERSION = YES;
				CLANG_WARN_OBJC_IMPLICIT_RETAIN_SELF = YES;
				CLANG_WARN_OBJC_LITERAL_CONVERSION = YES;
				CLANG_WARN_OBJC_ROOT_CLASS = YES_ERROR;
				CLANG_WARN_QUOTED_INCLUDE_IN_FRAMEWORK_HEADER = YES;
				CLANG_WARN_RANGE_LOOP_ANALYSIS = YES;
				CLANG_WARN_STRICT_PROTOTYPES = YES;
				CLANG_WARN_SUSPICIOUS_MOVE = YES;
				CLANG_WARN_UNGUARDED_AVAILABILITY = YES_AGGRESSIVE;
				CLANG_WARN_UNREACHABLE_CODE = YES;
				CLANG_WARN__DUPLICATE_METHOD_MATCH = YES;
				CODE_SIGN_STYLE = Automatic;
				COPY_PHASE_STRIP = NO;
				CURRENT_PROJECT_VERSION = 1;
				DEBUG_INFORMATION_FORMAT = "dwarf-with-dsym";
				DEVELOPMENT_TEAM = "";
				ENABLE_BITCODE = NO;
				ENABLE_NS_ASSERTIONS = NO;
				ENABLE_STRICT_OBJC_MSGSEND = YES;
				GCC_C_LANGUAGE_STANDARD = gnu11;
				GCC_NO_COMMON_BLOCKS = YES;
				GCC_WARN_64_TO_32_BIT_CONVERSION = YES;
				GCC_WARN_ABOUT_RETURN_TYPE = YES_ERROR;
				GCC_WARN_UNDECLARED_SELECTOR = YES;
				GCC_WARN_UNINITIALIZED_AUTOS = YES_AGGRESSIVE;
				GCC_WARN_UNUSED_FUNCTION = YES;
				GCC_WARN_UNUSED_VARIABLE = YES;
				GENERATE_INFOPLIST_FILE = NO;
				IPHONEOS_DEPLOYMENT_TARGET = 16.0;
				MARKETING_VERSION = 1.0.0;
				MTL_ENABLE_DEBUG_INFO = NO;
				MTL_FAST_MATH = YES;
				PRODUCT_NAME = "$(TARGET_NAME)";
				SDKROOT = iphoneos;
				SWIFT_COMPILATION_MODE = wholemodule;
				SWIFT_OPTIMIZATION_LEVEL = "-O";
				SWIFT_STRICT_CONCURRENCY = minimal;
				SWIFT_VERSION = 5.9;
			};
			name = Release;
		};
		324EBD4B2E60B1EB742F67F2 /* Release */ = {
			isa = XCBuildConfiguration;
			buildSettings = {
				CLANG_ENABLE_OBJC_WEAK = NO;
				CODE_SIGN_STYLE = Automatic;
				CURRENT_PROJECT_VERSION = 1;
				GENERATE_INFOPLIST_FILE = YES;
				IPHONEOS_DEPLOYMENT_TARGET = 16.0;
				LD_RUNPATH_SEARCH_PATHS = (
					"$(inherited)",
					"@executable_path/Frameworks",
					"@loader_path/Frameworks",
				);
				MARKETING_VERSION = 1.0;
				PRODUCT_BUNDLE_IDENTIFIER = "com.minhphan.ipa-keyboard-ios.uitests";
				SDKROOT = iphoneos;
				SWIFT_VERSION = 5.0;
				TARGETED_DEVICE_FAMILY = "1,2";
				TEST_TARGET_NAME = IPAKeyboardApp;
				VALIDATE_PRODUCT = YES;
			};
			name = Release;
		};
		4F9CE36127A0F52114B1AF78 /* Release */ = {
			isa = XCBuildConfiguration;
			buildSettings = {
				BUNDLE_LOADER = "$(TEST_HOST)";
				GENERATE_INFOPLIST_FILE = YES;
				IPHONEOS_DEPLOYMENT_TARGET = 16.0;
				LD_RUNPATH_SEARCH_PATHS = (
					"$(inherited)",
					"@executable_path/Frameworks",
					"@loader_path/Frameworks",
				);
				PRODUCT_BUNDLE_IDENTIFIER = com.minhphan.IPAKeyboardAppTests;
				SDKROOT = iphoneos;
				TARGETED_DEVICE_FAMILY = "1,2";
				TEST_HOST = "$(BUILT_PRODUCTS_DIR)/IPAKeyboardApp.app/$(BUNDLE_EXECUTABLE_FOLDER_PATH)/IPAKeyboardApp";
			};
			name = Release;
		};
		6AEE7873A17715464616AF82 /* Debug */ = {
			isa = XCBuildConfiguration;
			buildSettings = {
				ALWAYS_SEARCH_USER_PATHS = NO;
				CLANG_ANALYZER_NONNULL = YES;
				CLANG_ANALYZER_NUMBER_OBJECT_CONVERSION = YES_AGGRESSIVE;
				CLANG_CXX_LANGUAGE_STANDARD = "gnu++14";
				CLANG_CXX_LIBRARY = "libc++";
				CLANG_ENABLE_MODULES = YES;
				CLANG_ENABLE_OBJC_ARC = YES;
				CLANG_ENABLE_OBJC_WEAK = YES;
				CLANG_WARN_BLOCK_CAPTURE_AUTORELEASING = YES;
				CLANG_WARN_BOOL_CONVERSION = YES;
				CLANG_WARN_COMMA = YES;
				CLANG_WARN_CONSTANT_CONVERSION = YES;
				CLANG_WARN_DEPRECATED_OBJC_IMPLEMENTATIONS = YES;
				CLANG_WARN_DIRECT_OBJC_ISA_USAGE = YES_ERROR;
				CLANG_WARN_DOCUMENTATION_COMMENTS = YES;
				CLANG_WARN_EMPTY_BODY = YES;
				CLANG_WARN_ENUM_CONVERSION = YES;
				CLANG_WARN_INFINITE_RECURSION = YES;
				CLANG_WARN_INT_CONVERSION = YES;
				CLANG_WARN_NON_LITERAL_NULL_CONVERSION = YES;
				CLANG_WARN_OBJC_IMPLICIT_RETAIN_SELF = YES;
				CLANG_WARN_OBJC_LITERAL_CONVERSION = YES;
				CLANG_WARN_OBJC_ROOT_CLASS = YES_ERROR;
				CLANG_WARN_QUOTED_INCLUDE_IN_FRAMEWORK_HEADER = YES;
				CLANG_WARN_RANGE_LOOP_ANALYSIS = YES;
				CLANG_WARN_STRICT_PROTOTYPES = YES;
				CLANG_WARN_SUSPICIOUS_MOVE = YES;
				CLANG_WARN_UNGUARDED_AVAILABILITY = YES_AGGRESSIVE;
				CLANG_WARN_UNREACHABLE_CODE = YES;
				CLANG_WARN__DUPLICATE_METHOD_MATCH = YES;
				CODE_SIGN_STYLE = Automatic;
				COPY_PHASE_STRIP = NO;
				CURRENT_PROJECT_VERSION = 1;
				DEBUG_INFORMATION_FORMAT = dwarf;
				DEVELOPMENT_TEAM = "";
				ENABLE_BITCODE = NO;
				ENABLE_STRICT_OBJC_MSGSEND = YES;
				ENABLE_TESTABILITY = YES;
				GCC_C_LANGUAGE_STANDARD = gnu11;
				GCC_DYNAMIC_NO_PIC = NO;
				GCC_NO_COMMON_BLOCKS = YES;
				GCC_OPTIMIZATION_LEVEL = 0;
				GCC_PREPROCESSOR_DEFINITIONS = (
					"$(inherited)",
					"DEBUG=1",
				);
				GCC_WARN_64_TO_32_BIT_CONVERSION = YES;
				GCC_WARN_ABOUT_RETURN_TYPE = YES_ERROR;
				GCC_WARN_UNDECLARED_SELECTOR = YES;
				GCC_WARN_UNINITIALIZED_AUTOS = YES_AGGRESSIVE;
				GCC_WARN_UNUSED_FUNCTION = YES;
				GCC_WARN_UNUSED_VARIABLE = YES;
				GENERATE_INFOPLIST_FILE = NO;
				IPHONEOS_DEPLOYMENT_TARGET = 16.0;
				MARKETING_VERSION = 1.0.0;
				MTL_ENABLE_DEBUG_INFO = INCLUDE_SOURCE;
				MTL_FAST_MATH = YES;
				ONLY_ACTIVE_ARCH = YES;
				PRODUCT_NAME = "$(TARGET_NAME)";
				SDKROOT = iphoneos;
				SWIFT_ACTIVE_COMPILATION_CONDITIONS = DEBUG;
				SWIFT_OPTIMIZATION_LEVEL = "-Onone";
				SWIFT_STRICT_CONCURRENCY = minimal;
				SWIFT_VERSION = 5.9;
			};
			name = Debug;
		};
		BF4F86EB8776940F8BA58063 /* Debug */ = {
			isa = XCBuildConfiguration;
			buildSettings = {
				ASSETCATALOG_COMPILER_APPICON_NAME = "";
				CODE_SIGN_ENTITLEMENTS = IPAKeyboardApp/IPAKeyboardApp.entitlements;
				CODE_SIGN_IDENTITY = "iPhone Developer";
				INFOPLIST_FILE = IPAKeyboardApp/Info.plist;
				LD_RUNPATH_SEARCH_PATHS = (
					"$(inherited)",
					"@executable_path/Frameworks",
				);
				PRODUCT_BUNDLE_IDENTIFIER = "com.minhphan.ipa-keyboard-ios";
				PRODUCT_NAME = IPAKeyboardApp;
				SDKROOT = iphoneos;
				SUPPORTS_MACCATALYST = NO;
				SUPPORTS_MAC_DESIGNED_FOR_IPHONE_IPAD = NO;
				TARGETED_DEVICE_FAMILY = "1,2";
			};
			name = Debug;
		};
		D58EBE36C655C6F2DC4273A5 /* Debug */ = {
			isa = XCBuildConfiguration;
			buildSettings = {
				BUNDLE_LOADER = "$(TEST_HOST)";
				GENERATE_INFOPLIST_FILE = YES;
				IPHONEOS_DEPLOYMENT_TARGET = 16.0;
				LD_RUNPATH_SEARCH_PATHS = (
					"$(inherited)",
					"@executable_path/Frameworks",
					"@loader_path/Frameworks",
				);
				PRODUCT_BUNDLE_IDENTIFIER = com.minhphan.KeyboardExtensionSnapshotTests;
				SDKROOT = iphoneos;
				TARGETED_DEVICE_FAMILY = "1,2";
				TEST_HOST = "$(BUILT_PRODUCTS_DIR)/IPAKeyboardApp.app/$(BUNDLE_EXECUTABLE_FOLDER_PATH)/IPAKeyboardApp";
			};
			name = Debug;
		};
		DCADD5D906C328861AE6C90A /* Debug */ = {
			isa = XCBuildConfiguration;
			buildSettings = {
				CODE_SIGN_ENTITLEMENTS = IPAKeyboardExtension/IPAKeyboardExtension.entitlements;
				INFOPLIST_FILE = IPAKeyboardExtension/Info.plist;
				LD_RUNPATH_SEARCH_PATHS = (
					"$(inherited)",
					"@executable_path/Frameworks",
					"@executable_path/../../Frameworks",
				);
				PRODUCT_BUNDLE_IDENTIFIER = "com.minhphan.ipa-keyboard-ios.keyboard";
				PRODUCT_NAME = IPAKeyboardExtension;
				SDKROOT = iphoneos;
				SUPPORTS_MACCATALYST = NO;
				TARGETED_DEVICE_FAMILY = "1,2";
			};
			name = Debug;
		};
		F93401F3C6102B876C0BB692 /* Debug */ = {
			isa = XCBuildConfiguration;
			buildSettings = {
				CLANG_ENABLE_OBJC_WEAK = NO;
				CODE_SIGN_STYLE = Automatic;
				CURRENT_PROJECT_VERSION = 1;
				GENERATE_INFOPLIST_FILE = YES;
				IPHONEOS_DEPLOYMENT_TARGET = 16.0;
				LD_RUNPATH_SEARCH_PATHS = (
					"$(inherited)",
					"@executable_path/Frameworks",
					"@loader_path/Frameworks",
				);
				MARKETING_VERSION = 1.0;
				PRODUCT_BUNDLE_IDENTIFIER = "com.minhphan.ipa-keyboard-ios.uitests";
				SDKROOT = iphoneos;
				SWIFT_VERSION = 5.0;
				TARGETED_DEVICE_FAMILY = "1,2";
				TEST_TARGET_NAME = IPAKeyboardApp;
			};
			name = Debug;
		};
		FCCCD3EEC452BB5736E2EC6A /* Release */ = {
			isa = XCBuildConfiguration;
			buildSettings = {
				CODE_SIGN_ENTITLEMENTS = IPAKeyboardExtension/IPAKeyboardExtension.entitlements;
				INFOPLIST_FILE = IPAKeyboardExtension/Info.plist;
				LD_RUNPATH_SEARCH_PATHS = (
					"$(inherited)",
					"@executable_path/Frameworks",
					"@executable_path/../../Frameworks",
				);
				PRODUCT_BUNDLE_IDENTIFIER = "com.minhphan.ipa-keyboard-ios.keyboard";
				PRODUCT_NAME = IPAKeyboardExtension;
				SDKROOT = iphoneos;
				SUPPORTS_MACCATALYST = NO;
				TARGETED_DEVICE_FAMILY = "1,2";
			};
			name = Release;
		};
		FCDC7956E6C96D8A216254FA /* Debug */ = {
			isa = XCBuildConfiguration;
			buildSettings = {
				BUNDLE_LOADER = "$(TEST_HOST)";
				GENERATE_INFOPLIST_FILE = YES;
				IPHONEOS_DEPLOYMENT_TARGET = 16.0;
				LD_RUNPATH_SEARCH_PATHS = (
					"$(inherited)",
					"@executable_path/Frameworks",
					"@loader_path/Frameworks",
				);
				PRODUCT_BUNDLE_IDENTIFIER = com.minhphan.IPAKeyboardAppTests;
				SDKROOT = iphoneos;
				TARGETED_DEVICE_FAMILY = "1,2";
				TEST_HOST = "$(BUILT_PRODUCTS_DIR)/IPAKeyboardApp.app/$(BUNDLE_EXECUTABLE_FOLDER_PATH)/IPAKeyboardApp";
			};
			name = Debug;
		};
/* End XCBuildConfiguration section */

/* Begin XCConfigurationList section */
		2C2D5DD38E14D75C5B502887 /* Build configuration list for PBXNativeTarget "KeyboardExtensionSnapshotTests" */ = {
			isa = XCConfigurationList;
			buildConfigurations = (
				D58EBE36C655C6F2DC4273A5 /* Debug */,
				04DDC793F76BD5CC9E55A809 /* Release */,
			);
			defaultConfigurationIsVisible = 0;
			defaultConfigurationName = Debug;
		};
		32BB57675827DD5003D9216D /* Build configuration list for PBXNativeTarget "IPAKeyboardAppTests" */ = {
			isa = XCConfigurationList;
			buildConfigurations = (
				FCDC7956E6C96D8A216254FA /* Debug */,
				4F9CE36127A0F52114B1AF78 /* Release */,
			);
			defaultConfigurationIsVisible = 0;
			defaultConfigurationName = Debug;
		};
		54D0908B30538A1B719C6485 /* Build configuration list for PBXProject "IPAKeyboard" */ = {
			isa = XCConfigurationList;
			buildConfigurations = (
				6AEE7873A17715464616AF82 /* Debug */,
				2964A70BE2D895E4CA8B82A9 /* Release */,
			);
			defaultConfigurationIsVisible = 0;
			defaultConfigurationName = Debug;
		};
		D47243E077E039E57B28527A /* Build configuration list for PBXNativeTarget "IPAKeyboardAppUITests" */ = {
			isa = XCConfigurationList;
			buildConfigurations = (
				324EBD4B2E60B1EB742F67F2 /* Release */,
				F93401F3C6102B876C0BB692 /* Debug */,
			);
			defaultConfigurationIsVisible = 0;
			defaultConfigurationName = Release;
		};
		DF521F95BD33B79CDA4ACD3D /* Build configuration list for PBXNativeTarget "IPAKeyboardApp" */ = {
			isa = XCConfigurationList;
			buildConfigurations = (
				BF4F86EB8776940F8BA58063 /* Debug */,
				186549984D2D9BDFE447FDCE /* Release */,
			);
			defaultConfigurationIsVisible = 0;
			defaultConfigurationName = Debug;
		};
		F0B9BB1EAA8BFC0061E605AB /* Build configuration list for PBXNativeTarget "IPAKeyboardExtension" */ = {
			isa = XCConfigurationList;
			buildConfigurations = (
				DCADD5D906C328861AE6C90A /* Debug */,
				FCCCD3EEC452BB5736E2EC6A /* Release */,
			);
			defaultConfigurationIsVisible = 0;
			defaultConfigurationName = Debug;
		};
/* End XCConfigurationList section */

/* Begin XCLocalSwiftPackageReference section */
		820AE734536470F495C3BB59 /* XCLocalSwiftPackageReference "IPACore" */ = {
			isa = XCLocalSwiftPackageReference;
			relativePath = IPACore;
		};
/* End XCLocalSwiftPackageReference section */

/* Begin XCRemoteSwiftPackageReference section */
		4F0CC47BDA710CDA890A4EED /* XCRemoteSwiftPackageReference "swift-snapshot-testing" */ = {
			isa = XCRemoteSwiftPackageReference;
			repositoryURL = "https://github.com/pointfreeco/swift-snapshot-testing";
			requirement = {
				kind = upToNextMajorVersion;
				minimumVersion = 1.15.0;
			};
		};
/* End XCRemoteSwiftPackageReference section */

/* Begin XCSwiftPackageProductDependency section */
		3CE8DD253AFE95AF1E469C6A /* IPACore */ = {
			isa = XCSwiftPackageProductDependency;
			productName = IPACore;
		};
		6492F72E1FAB889494992289 /* IPACore */ = {
			isa = XCSwiftPackageProductDependency;
			productName = IPACore;
		};
		7FB1A6D12F996D7DFB7DD908 /* IPACore */ = {
			isa = XCSwiftPackageProductDependency;
			productName = IPACore;
		};
		C19C99F4FB6104EDF48988FA /* SnapshotTesting */ = {
			isa = XCSwiftPackageProductDependency;
			package = 4F0CC47BDA710CDA890A4EED /* XCRemoteSwiftPackageReference "swift-snapshot-testing" */;
			productName = SnapshotTesting;
		};
/* End XCSwiftPackageProductDependency section */
	};
	rootObject = C5FA5736939BC1EB138D1F0B /* Project object */;
}
